
Microsoft Visual Studio Solution File, Format Version 12.00
# Visual Studio Version 17
VisualStudioVersion = 17.5.33530.505
MinimumVisualStudioVersion = 10.0.40219.1
Project("{FAE04EC0-301F-11D3-BF4B-00C04F79EFBC}") = "WebAppDeleite", "WebAppDeleite\WebAppDeleite.csproj", "{C13197C6-3AB4-40A6-B546-2ADA6D128B10}"
EndProject
Global
	GlobalSection(SolutionConfigurationPlatforms) = preSolution
		Debug|Any CPU = Debug|Any CPU
		Release|Any CPU = Release|Any CPU
	EndGlobalSection
	GlobalSection(ProjectConfigurationPlatforms) = postSolution
		{C13197C6-3AB4-40A6-B546-2ADA6D128B10}.Debug|Any CPU.ActiveCfg = Debug|Any CPU
		{C13197C6-3AB4-40A6-B546-2ADA6D128B10}.Debug|Any CPU.Build.0 = Debug|Any CPU
		{C13197C6-3AB4-40A6-B546-2ADA6D128B10}.Release|Any CPU.ActiveCfg = Release|Any CPU
		{C13197C6-3AB4-40A6-B546-2ADA6D128B10}.Release|Any CPU.Build.0 = Release|Any CPU
	EndGlobalSection
	GlobalSection(SolutionProperties) = preSolution
		HideSolutionNode = FALSE
	EndGlobalSection
	GlobalSection(ExtensibilityGlobals) = postSolution
		SolutionGuid = {A7968954-9E53-4130-9A63-7DC46BF0397A}
	EndGlobalSection
EndGlobal
